
Microsoft Visual Studio Solution File, Format Version 12.00
# Visual Studio Version 17
VisualStudioVersion = 17.13.35913.81 d17.13
MinimumVisualStudioVersion = 10.0.40219.1
Project("{FAE04EC0-301F-11D3-BF4B-00C04F79EFBC}") = "MyGym2", "MyGym2.csproj", "{4FA6BD99-F712-4E81-9652-84374068CEDA}"
EndProject
Global
	GlobalSection(SolutionConfigurationPlatforms) = preSolution
		Debug|Any CPU = Debug|Any CPU
		Release|Any CPU = Release|Any CPU
	EndGlobalSection
	GlobalSection(ProjectConfigurationPlatforms) = postSolution
		{4FA6BD99-F712-4E81-9652-84374068CEDA}.Debug|Any CPU.ActiveCfg = Debug|Any CPU
		{4FA6BD99-F712-4E81-9652-84374068CEDA}.Debug|Any CPU.Build.0 = Debug|Any CPU
		{4FA6BD99-F712-4E81-9652-84374068CEDA}.Release|Any CPU.ActiveCfg = Release|Any CPU
		{4FA6BD99-F712-4E81-9652-84374068CEDA}.Release|Any CPU.Build.0 = Release|Any CPU
	EndGlobalSection
	GlobalSection(SolutionProperties) = preSolution
		HideSolutionNode = FALSE
	EndGlobalSection
	GlobalSection(ExtensibilityGlobals) = postSolution
		SolutionGuid = {374BC8E3-52F2-4DE5-8FD5-17E262DB9B4E}
	EndGlobalSection
EndGlobal
